
Microsoft Visual Studio Solution File, Format Version 12.00
# Visual Studio Version 16
VisualStudioVersion = 16.0.29519.87
MinimumVisualStudioVersion = 10.0.40219.1
Project("{FAE04EC0-301F-11D3-BF4B-00C04F79EFBC}") = "Lectures_05", "Lectures_05\Lectures_05.csproj", "{11797F80-D55D-4327-AF4B-3EA816C9952C}"
EndProject
Global
	GlobalSection(SolutionConfigurationPlatforms) = preSolution
		Debug|Any CPU = Debug|Any CPU
		Release|Any CPU = Release|Any CPU
	EndGlobalSection
	GlobalSection(ProjectConfigurationPlatforms) = postSolution
		{11797F80-D55D-4327-AF4B-3EA816C9952C}.Debug|Any CPU.ActiveCfg = Debug|Any CPU
		{11797F80-D55D-4327-AF4B-3EA816C9952C}.Debug|Any CPU.Build.0 = Debug|Any CPU
		{11797F80-D55D-4327-AF4B-3EA816C9952C}.Release|Any CPU.ActiveCfg = Release|Any CPU
		{11797F80-D55D-4327-AF4B-3EA816C9952C}.Release|Any CPU.Build.0 = Release|Any CPU
	EndGlobalSection
	GlobalSection(SolutionProperties) = preSolution
		HideSolutionNode = FALSE
	EndGlobalSection
	GlobalSection(ExtensibilityGlobals) = postSolution
		SolutionGuid = {598D7C26-3ABF-4C1D-8492-0FEF86AB1304}
	EndGlobalSection
EndGlobal
